
Microsoft Visual Studio Solution File, Format Version 12.00
# Visual Studio Version 16
VisualStudioVersion = 16.0.30611.23
MinimumVisualStudioVersion = 10.0.40219.1
Project("{FAE04EC0-301F-11D3-BF4B-00C04F79EFBC}") = "Sperp", "Sperp.csproj", "{42BC495A-5724-4FA2-892E-26EB02B4FC6A}"
EndProject
Global
	GlobalSection(SolutionConfigurationPlatforms) = preSolution
		Debug|Any CPU = Debug|Any CPU
		Release|Any CPU = Release|Any CPU
	EndGlobalSection
	GlobalSection(ProjectConfigurationPlatforms) = postSolution
		{42BC495A-5724-4FA2-892E-26EB02B4FC6A}.Debug|Any CPU.ActiveCfg = Debug|Any CPU
		{42BC495A-5724-4FA2-892E-26EB02B4FC6A}.Debug|Any CPU.Build.0 = Debug|Any CPU
		{42BC495A-5724-4FA2-892E-26EB02B4FC6A}.Release|Any CPU.ActiveCfg = Release|Any CPU
		{42BC495A-5724-4FA2-892E-26EB02B4FC6A}.Release|Any CPU.Build.0 = Release|Any CPU
	EndGlobalSection
	GlobalSection(SolutionProperties) = preSolution
		HideSolutionNode = FALSE
	EndGlobalSection
	GlobalSection(ExtensibilityGlobals) = postSolution
		SolutionGuid = {C75CB1FA-8AC6-480B-BF87-A29C9B07144A}
	EndGlobalSection
EndGlobal
